
Microsoft Visual Studio Solution File, Format Version 12.00
# Visual Studio Version 17
VisualStudioVersion = 17.3.32922.545
MinimumVisualStudioVersion = 10.0.40219.1
Project("{FAE04EC0-301F-11D3-BF4B-00C04F79EFBC}") = "homework.class02", "homework.class02\homework.class02.csproj", "{FFCC8393-A8D2-489C-839B-A2130F8AC18B}"
EndProject
Global
	GlobalSection(SolutionConfigurationPlatforms) = preSolution
		Debug|Any CPU = Debug|Any CPU
		Release|Any CPU = Release|Any CPU
	EndGlobalSection
	GlobalSection(ProjectConfigurationPlatforms) = postSolution
		{FFCC8393-A8D2-489C-839B-A2130F8AC18B}.Debug|Any CPU.ActiveCfg = Debug|Any CPU
		{FFCC8393-A8D2-489C-839B-A2130F8AC18B}.Debug|Any CPU.Build.0 = Debug|Any CPU
		{FFCC8393-A8D2-489C-839B-A2130F8AC18B}.Release|Any CPU.ActiveCfg = Release|Any CPU
		{FFCC8393-A8D2-489C-839B-A2130F8AC18B}.Release|Any CPU.Build.0 = Release|Any CPU
	EndGlobalSection
	GlobalSection(SolutionProperties) = preSolution
		HideSolutionNode = FALSE
	EndGlobalSection
	GlobalSection(ExtensibilityGlobals) = postSolution
		SolutionGuid = {07584D71-3263-4A7B-8A00-CFA59C8AFC90}
	EndGlobalSection
EndGlobal
